{
    "_readme": [
        "This file locks the dependencies of your project to a known state",
        "Read more about it at https://getcomposer.org/doc/01-basic-usage.md#installing-dependencies",
        "This file is @generated automatically"
    ],
    "content-hash": "3df95c79aa556103ac2c289f8d00d5a7",
    "packages": [
        {
            "name": "haydenpierce/class-finder",
            "version": "0.4.3",
            "source": {
                "type": "git",
                "url": "https://gitlab.com/hpierce1102/ClassFinder.git",
                "reference": "d6c68f386c764674c59ee336d1dfca35aada5f90"
            },
            "dist": {
                "type": "zip",
                "url": "https://gitlab.com/api/v4/projects/hpierce1102%2FClassFinder/repository/archive.zip?sha=d6c68f386c764674c59ee336d1dfca35aada5f90",
                "reference": "d6c68f386c764674c59ee336d1dfca35aada5f90",
                "shasum": ""
            },
            "require": {
                "ext-json": "*",
                "php": ">=5.3"
            },
            "require-dev": {
                "mikey179/vfsstream": "^1.6",
                "phpunit/phpunit": "~9.0"
            },
            "type": "library",
            "autoload": {
                "psr-4": {
                    "HaydenPierce\\ClassFinder\\": "src/",
                    "HaydenPierce\\ClassFinder\\UnitTest\\": "test/unit"
                }
            },
            "notification-url": "https://packagist.org/downloads/",
            "license": [
                "MIT"
            ],
            "authors": [
                {
                    "name": "Hayden Pierce",
                    "email": "hayden@haydenpierce.com"
                }
            ],
            "description": "A library that can provide of a list of classes in a given namespace",
            "support": {
                "issues": "https://gitlab.com/api/v4/projects/7670051/issues"
            },
            "time": "2021-01-05T20:50:49+00:00"
        }
    ],
    "packages-dev": [],
    "aliases": [],
    "minimum-stability": "stable",
    "stability-flags": [],
    "prefer-stable": false,
    "prefer-lowest": false,
    "platform": {
        "php": ">=7.0"
    },
    "platform-dev": [],
    "plugin-api-version": "2.1.0"
}
