{
    "_readme": [
        "This file locks the dependencies of your project to a known state",
        "Read more about it at https://getcomposer.org/doc/01-basic-usage.md#installing-dependencies",
        "This file is @generated automatically"
    ],
    "content-hash": "f2d99e9a1009ac74938142968e79988c",
    "packages": [
        {
            "name": "10up/10up-experience",
            "version": "1.8.0",
            "source": {
                "type": "git",
                "url": "https://github.com/10up/10up-experience.git",
                "reference": "f3004ed5b1d14474d3bba2cf6f9f6ad2dd7cefa9"
            },
            "dist": {
                "type": "zip",
                "url": "https://api.github.com/repos/10up/10up-experience/zipball/f3004ed5b1d14474d3bba2cf6f9f6ad2dd7cefa9",
                "reference": "f3004ed5b1d14474d3bba2cf6f9f6ad2dd7cefa9",
                "shasum": ""
            },
            "require": {
                "bjeavons/zxcvbn-php": "^1.0",
                "yahnis-elsts/plugin-update-checker": "4.8.1"
            },
            "require-dev": {
                "10up/phpcs-composer": "dev-master",
                "10up/wpacceptance": "dev-master",
                "squizlabs/php_codesniffer": "3.*"
            },
            "type": "wordpress-plugin",
            "autoload": {
                "psr-4": {
                    "TenUpExperience\\": "./includes/classes/"
                }
            },
            "scripts": {
                "lint": [
                    "phpcs ."
                ],
                "lint-fix": [
                    "phpcbf ."
                ]
            },
            "license": [
                "GPL-2.0-or-later"
            ],
            "authors": [
                {
                    "name": "10up",
                    "homepage": "https://10up.com/"
                }
            ],
            "description": "The 10up Experience plugin configures WordPress to better protect and inform clients, aligned to 10up's best practices",
            "homepage": "https://github.com/10up/10up-experience",
            "keywords": [
                "10up",
                "wordpress"
            ],
            "support": {
                "issues": "https://github.com/10up/10up-experience/issues",
                "source": "https://github.com/10up/10up-experience"
            },
            "time": "2020-12-10T14:53:29+00:00"
        },
        {
            "name": "alleyinteractive/wordpress-fieldmanager",
            "version": "1.3.0",
            "source": {
                "type": "git",
                "url": "https://github.com/alleyinteractive/wordpress-fieldmanager.git",
                "reference": "280bc23d803b959836345449b4a83f1d0fa03b17"
            },
            "dist": {
                "type": "zip",
                "url": "https://api.github.com/repos/alleyinteractive/wordpress-fieldmanager/zipball/280bc23d803b959836345449b4a83f1d0fa03b17",
                "reference": "280bc23d803b959836345449b4a83f1d0fa03b17",
                "shasum": ""
            },
            "require": {
                "composer/installers": "~1.0"
            },
            "require-dev": {
                "squizlabs/php_codesniffer": "2.*",
                "wp-coding-standards/wpcs": "^1"
            },
            "type": "wordpress-plugin",
            "scripts": {
                "post-install-cmd": [
                    "\"vendor/bin/phpcs\" --config-set installed_paths vendor/wp-coding-standards/wpcs"
                ],
                "post-update-cmd": [
                    "\"vendor/bin/phpcs\" --config-set installed_paths vendor/wp-coding-standards/wpcs"
                ]
            },
            "authors": [
                {
                    "name": "Alley Interactive",
                    "email": "noreply@alleyinteractive.com"
                }
            ],
            "keywords": [
                "plugin",
                "wordpress"
            ],
            "support": {
                "source": "https://github.com/alleyinteractive/wordpress-fieldmanager/tree/1.3.0",
                "issues": "https://github.com/alleyinteractive/wordpress-fieldmanager/issues"
            },
            "time": "2020-06-22T16:58:51+00:00"
        },
        {
            "name": "bjeavons/zxcvbn-php",
            "version": "1.2.0",
            "source": {
                "type": "git",
                "url": "https://github.com/bjeavons/zxcvbn-php.git",
                "reference": "13b505d53c6e72a8fce7f42e3392f13642bbf65e"
            },
            "dist": {
                "type": "zip",
                "url": "https://api.github.com/repos/bjeavons/zxcvbn-php/zipball/13b505d53c6e72a8fce7f42e3392f13642bbf65e",
                "reference": "13b505d53c6e72a8fce7f42e3392f13642bbf65e",
                "shasum": ""
            },
            "require": {
                "php": "^7.2 | ^8.0",
                "symfony/polyfill-mbstring": ">=1.3.1"
            },
            "require-dev": {
                "php-coveralls/php-coveralls": "*",
                "phpunit/phpunit": "^8.5",
                "squizlabs/php_codesniffer": "3.*"
            },
            "type": "library",
            "autoload": {
                "psr-4": {
                    "ZxcvbnPhp\\": "src/"
                }
            },
            "notification-url": "https://packagist.org/downloads/",
            "license": [
                "MIT"
            ],
            "authors": [
                {
                    "name": "See contributors",
                    "homepage": "https://github.com/bjeavons/zxcvbn-php"
                }
            ],
            "description": "Realistic password strength estimation PHP library based on Zxcvbn JS",
            "homepage": "https://github.com/bjeavons/zxcvbn-php",
            "keywords": [
                "password",
                "zxcvbn"
            ],
            "support": {
                "issues": "https://github.com/bjeavons/zxcvbn-php/issues",
                "source": "https://github.com/bjeavons/zxcvbn-php/tree/1.2.0"
            },
            "time": "2020-11-30T16:47:23+00:00"
        },
        {
            "name": "composer/installers",
            "version": "v1.10.0",
            "source": {
                "type": "git",
                "url": "https://github.com/composer/installers.git",
                "reference": "1a0357fccad9d1cc1ea0c9a05b8847fbccccb78d"
            },
            "dist": {
                "type": "zip",
                "url": "https://api.github.com/repos/composer/installers/zipball/1a0357fccad9d1cc1ea0c9a05b8847fbccccb78d",
                "reference": "1a0357fccad9d1cc1ea0c9a05b8847fbccccb78d",
                "shasum": ""
            },
            "require": {
                "composer-plugin-api": "^1.0 || ^2.0"
            },
            "replace": {
                "roundcube/plugin-installer": "*",
                "shama/baton": "*"
            },
            "require-dev": {
                "composer/composer": "1.6.* || ^2.0",
                "composer/semver": "^1 || ^3",
                "phpstan/phpstan": "^0.12.55",
                "phpstan/phpstan-phpunit": "^0.12.16",
                "symfony/phpunit-bridge": "^4.2 || ^5",
                "symfony/process": "^2.3"
            },
            "type": "composer-plugin",
            "extra": {
                "class": "Composer\\Installers\\Plugin",
                "branch-alias": {
                    "dev-main": "1.x-dev"
                }
            },
            "autoload": {
                "psr-4": {
                    "Composer\\Installers\\": "src/Composer/Installers"
                }
            },
            "notification-url": "https://packagist.org/downloads/",
            "license": [
                "MIT"
            ],
            "authors": [
                {
                    "name": "Kyle Robinson Young",
                    "email": "kyle@dontkry.com",
                    "homepage": "https://github.com/shama"
                }
            ],
            "description": "A multi-framework Composer library installer",
            "homepage": "https://composer.github.io/installers/",
            "keywords": [
                "Craft",
                "Dolibarr",
                "Eliasis",
                "Hurad",
                "ImageCMS",
                "Kanboard",
                "Lan Management System",
                "MODX Evo",
                "MantisBT",
                "Mautic",
                "Maya",
                "OXID",
                "Plentymarkets",
                "Porto",
                "RadPHP",
                "SMF",
                "Starbug",
                "Thelia",
                "Whmcs",
                "WolfCMS",
                "agl",
                "aimeos",
                "annotatecms",
                "attogram",
                "bitrix",
                "cakephp",
                "chef",
                "cockpit",
                "codeigniter",
                "concrete5",
                "croogo",
                "dokuwiki",
                "drupal",
                "eZ Platform",
                "elgg",
                "expressionengine",
                "fuelphp",
                "grav",
                "installer",
                "itop",
                "joomla",
                "known",
                "kohana",
                "laravel",
                "lavalite",
                "lithium",
                "magento",
                "majima",
                "mako",
                "mediawiki",
                "modulework",
                "modx",
                "moodle",
                "osclass",
                "phpbb",
                "piwik",
                "ppi",
                "processwire",
                "puppet",
                "pxcms",
                "reindex",
                "roundcube",
                "shopware",
                "silverstripe",
                "sydes",
                "sylius",
                "symfony",
                "typo3",
                "wordpress",
                "yawik",
                "zend",
                "zikula"
            ],
            "support": {
                "issues": "https://github.com/composer/installers/issues",
                "source": "https://github.com/composer/installers/tree/v1.10.0"
            },
            "funding": [
                {
                    "url": "https://packagist.com",
                    "type": "custom"
                },
                {
                    "url": "https://github.com/composer",
                    "type": "github"
                },
                {
                    "url": "https://tidelift.com/funding/github/packagist/composer/composer",
                    "type": "tidelift"
                }
            ],
            "time": "2021-01-14T11:07:16+00:00"
        },
        {
            "name": "symfony/polyfill-mbstring",
            "version": "v1.22.0",
            "source": {
                "type": "git",
                "url": "https://github.com/symfony/polyfill-mbstring.git",
                "reference": "f377a3dd1fde44d37b9831d68dc8dea3ffd28e13"
            },
            "dist": {
                "type": "zip",
                "url": "https://api.github.com/repos/symfony/polyfill-mbstring/zipball/f377a3dd1fde44d37b9831d68dc8dea3ffd28e13",
                "reference": "f377a3dd1fde44d37b9831d68dc8dea3ffd28e13",
                "shasum": ""
            },
            "require": {
                "php": ">=7.1"
            },
            "suggest": {
                "ext-mbstring": "For best performance"
            },
            "type": "library",
            "extra": {
                "branch-alias": {
                    "dev-main": "1.22-dev"
                },
                "thanks": {
                    "name": "symfony/polyfill",
                    "url": "https://github.com/symfony/polyfill"
                }
            },
            "autoload": {
                "psr-4": {
                    "Symfony\\Polyfill\\Mbstring\\": ""
                },
                "files": [
                    "bootstrap.php"
                ]
            },
            "notification-url": "https://packagist.org/downloads/",
            "license": [
                "MIT"
            ],
            "authors": [
                {
                    "name": "Nicolas Grekas",
                    "email": "p@tchwork.com"
                },
                {
                    "name": "Symfony Community",
                    "homepage": "https://symfony.com/contributors"
                }
            ],
            "description": "Symfony polyfill for the Mbstring extension",
            "homepage": "https://symfony.com",
            "keywords": [
                "compatibility",
                "mbstring",
                "polyfill",
                "portable",
                "shim"
            ],
            "support": {
                "source": "https://github.com/symfony/polyfill-mbstring/tree/v1.22.0"
            },
            "funding": [
                {
                    "url": "https://symfony.com/sponsor",
                    "type": "custom"
                },
                {
                    "url": "https://github.com/fabpot",
                    "type": "github"
                },
                {
                    "url": "https://tidelift.com/funding/github/packagist/symfony/symfony",
                    "type": "tidelift"
                }
            ],
            "time": "2021-01-07T16:49:33+00:00"
        },
        {
            "name": "wpackagist-plugin/gutenberg",
            "version": "9.0.0",
            "source": {
                "type": "svn",
                "url": "https://plugins.svn.wordpress.org/gutenberg/",
                "reference": "tags/9.0.0"
            },
            "dist": {
                "type": "zip",
                "url": "https://downloads.wordpress.org/plugin/gutenberg.9.0.0.zip"
            },
            "require": {
                "composer/installers": "~1.0"
            },
            "type": "wordpress-plugin",
            "homepage": "https://wordpress.org/plugins/gutenberg/"
        },
        {
            "name": "wpackagist-plugin/restricted-site-access",
            "version": "7.2.0",
            "source": {
                "type": "svn",
                "url": "https://plugins.svn.wordpress.org/restricted-site-access/",
                "reference": "tags/7.2.0"
            },
            "dist": {
                "type": "zip",
                "url": "https://downloads.wordpress.org/plugin/restricted-site-access.7.2.0.zip"
            },
            "require": {
                "composer/installers": "~1.0"
            },
            "type": "wordpress-plugin",
            "homepage": "https://wordpress.org/plugins/restricted-site-access/"
        },
        {
            "name": "yahnis-elsts/plugin-update-checker",
            "version": "v4.8.1",
            "source": {
                "type": "git",
                "url": "https://github.com/YahnisElsts/plugin-update-checker.git",
                "reference": "908249c92e81c46cb66e4d81632c5e917dc879ae"
            },
            "dist": {
                "type": "zip",
                "url": "https://api.github.com/repos/YahnisElsts/plugin-update-checker/zipball/908249c92e81c46cb66e4d81632c5e917dc879ae",
                "reference": "908249c92e81c46cb66e4d81632c5e917dc879ae",
                "shasum": ""
            },
            "require": {
                "php": ">=5.2.0"
            },
            "type": "library",
            "autoload": {
                "files": [
                    "load-v4p8.php"
                ]
            },
            "notification-url": "https://packagist.org/downloads/",
            "license": [
                "MIT"
            ],
            "authors": [
                {
                    "name": "Yahnis Elsts",
                    "email": "whiteshadow@w-shadow.com",
                    "homepage": "http://w-shadow.com/",
                    "role": "Developer"
                }
            ],
            "description": "A custom update checker for WordPress plugins and themes. Useful if you can't host your plugin in the official WP repository but still want it to support automatic updates.",
            "homepage": "https://github.com/YahnisElsts/plugin-update-checker/",
            "keywords": [
                "automatic updates",
                "plugin updates",
                "theme updates",
                "wordpress"
            ],
            "support": {
                "issues": "https://github.com/YahnisElsts/plugin-update-checker/issues",
                "source": "https://github.com/YahnisElsts/plugin-update-checker/tree/master"
            },
            "time": "2019-10-08T12:15:30+00:00"
        }
    ],
    "packages-dev": [],
    "aliases": [],
    "minimum-stability": "dev",
    "stability-flags": [],
    "prefer-stable": true,
    "prefer-lowest": false,
    "platform": {
        "php": ">=7.0"
    },
    "platform-dev": [],
    "plugin-api-version": "2.0.0"
}
